// !$*UTF8*$!
{
	archiveVersion = 1;
	classes = {
	};
	objectVersion = 50;
	objects = {

/* Begin PBXBuildFile section */
		3076A3CC25C0C3AB0036ED6B /* GenerateId.swift in Sources */ = {isa = PBXBuildFile; fileRef = 3076A3CB25C0C3AB0036ED6B /* GenerateId.swift */; };
		3083717E25BB5B4500AED70C /* WishDetailViewController.swift in Sources */ = {isa = PBXBuildFile; fileRef = 3083717C25BB5B4500AED70C /* WishDetailViewController.swift */; };
		3083717F25BB5B4500AED70C /* WishDetailViewController.xib in Resources */ = {isa = PBXBuildFile; fileRef = 3083717D25BB5B4500AED70C /* WishDetailViewController.xib */; };
		3083719225BB5F0E00AED70C /* WishTableViewCell.swift in Sources */ = {isa = PBXBuildFile; fileRef = 3083719025BB5F0E00AED70C /* WishTableViewCell.swift */; };
		3083719325BB5F0E00AED70C /* WishTableViewCell.xib in Resources */ = {isa = PBXBuildFile; fileRef = 3083719125BB5F0E00AED70C /* WishTableViewCell.xib */; };
		308E889025BF40780034580E /* Launch Screen.storyboard in Resources */ = {isa = PBXBuildFile; fileRef = 308E888F25BF40780034580E /* Launch Screen.storyboard */; };
		3096F65225B9C86B002B3201 /* Wish.swift in Sources */ = {isa = PBXBuildFile; fileRef = 3096F65125B9C86B002B3201 /* Wish.swift */; };
		3096F66125B9CF95002B3201 /* WishListService.swift in Sources */ = {isa = PBXBuildFile; fileRef = 3096F66025B9CF95002B3201 /* WishListService.swift */; };
		3096F66925B9CFE2002B3201 /* WishCreateDTO.swift in Sources */ = {isa = PBXBuildFile; fileRef = 3096F66825B9CFE2002B3201 /* WishCreateDTO.swift */; };
		3096F67725B9D464002B3201 /* LocalWishListService.swift in Sources */ = {isa = PBXBuildFile; fileRef = 3096F67625B9D464002B3201 /* LocalWishListService.swift */; };
		3096F67D25B9D5CB002B3201 /* WishConverter.swift in Sources */ = {isa = PBXBuildFile; fileRef = 3096F67C25B9D5CB002B3201 /* WishConverter.swift */; };
		3096F68525B9D60A002B3201 /* Converter.swift in Sources */ = {isa = PBXBuildFile; fileRef = 3096F68425B9D60A002B3201 /* Converter.swift */; };
		CF90C8B025BDB71B003190D3 /* WishListConverter.swift in Sources */ = {isa = PBXBuildFile; fileRef = CF90C8AF25BDB71B003190D3 /* WishListConverter.swift */; };
		CF90C8C225BDB892003190D3 /* WishListTableViewCell.swift in Sources */ = {isa = PBXBuildFile; fileRef = CF90C8C025BDB892003190D3 /* WishListTableViewCell.swift */; };
		CF90C8C325BDB892003190D3 /* WishListTableViewCell.xib in Resources */ = {isa = PBXBuildFile; fileRef = CF90C8C125BDB892003190D3 /* WishListTableViewCell.xib */; };
		CFBA0F3025A256C90022F959 /* AppDelegate.swift in Sources */ = {isa = PBXBuildFile; fileRef = CFBA0F2F25A256C90022F959 /* AppDelegate.swift */; };
		CFBA0F3925A256CA0022F959 /* Assets.xcassets in Resources */ = {isa = PBXBuildFile; fileRef = CFBA0F3825A256CA0022F959 /* Assets.xcassets */; };
		CFBA0F4725A256CA0022F959 /* WishAppTests.swift in Sources */ = {isa = PBXBuildFile; fileRef = CFBA0F4625A256CA0022F959 /* WishAppTests.swift */; };
		CFBA0F5225A256CA0022F959 /* WishAppUITests.swift in Sources */ = {isa = PBXBuildFile; fileRef = CFBA0F5125A256CA0022F959 /* WishAppUITests.swift */; };
		CFBA0F7125A258290022F959 /* HomeViewController.swift in Sources */ = {isa = PBXBuildFile; fileRef = CFBA0F6F25A258290022F959 /* HomeViewController.swift */; };
		CFBA0F7225A258290022F959 /* HomeViewController.xib in Resources */ = {isa = PBXBuildFile; fileRef = CFBA0F7025A258290022F959 /* HomeViewController.xib */; };
		CFBA0F7B25A278C30022F959 /* ContactsUI.framework in Frameworks */ = {isa = PBXBuildFile; fileRef = CFBA0F7A25A278C30022F959 /* ContactsUI.framework */; };
		CFBA0F8A25AFA5180022F959 /* MessageUI.framework in Frameworks */ = {isa = PBXBuildFile; fileRef = CFBA0F8925AFA5180022F959 /* MessageUI.framework */; };
		CFEA71BE25BF6FCC00DE2969 /* WishListDetailViewController.swift in Sources */ = {isa = PBXBuildFile; fileRef = CFEA71BC25BF6FCC00DE2969 /* WishListDetailViewController.swift */; };
		CFEA71BF25BF6FCC00DE2969 /* WishListDetailViewController.xib in Resources */ = {isa = PBXBuildFile; fileRef = CFEA71BD25BF6FCC00DE2969 /* WishListDetailViewController.xib */; };
/* End PBXBuildFile section */

/* Begin PBXContainerItemProxy section */
		CFBA0F4325A256CA0022F959 /* PBXContainerItemProxy */ = {
			isa = PBXContainerItemProxy;
			containerPortal = CFBA0F2425A256C90022F959 /* Project object */;
			proxyType = 1;
			remoteGlobalIDString = CFBA0F2B25A256C90022F959;
			remoteInfo = WishApp;
		};
		CFBA0F4E25A256CA0022F959 /* PBXContainerItemProxy */ = {
			isa = PBXContainerItemProxy;
			containerPortal = CFBA0F2425A256C90022F959 /* Project object */;
			proxyType = 1;
			remoteGlobalIDString = CFBA0F2B25A256C90022F959;
			remoteInfo = WishApp;
		};
/* End PBXContainerItemProxy section */

/* Begin PBXFileReference section */
		3076A3CB25C0C3AB0036ED6B /* GenerateId.swift */ = {isa = PBXFileReference; lastKnownFileType = sourcecode.swift; path = GenerateId.swift; sourceTree = "<group>"; };
		3083717C25BB5B4500AED70C /* WishDetailViewController.swift */ = {isa = PBXFileReference; lastKnownFileType = sourcecode.swift; path = WishDetailViewController.swift; sourceTree = "<group>"; };
		3083717D25BB5B4500AED70C /* WishDetailViewController.xib */ = {isa = PBXFileReference; lastKnownFileType = file.xib; path = WishDetailViewController.xib; sourceTree = "<group>"; };
		3083719025BB5F0E00AED70C /* WishTableViewCell.swift */ = {isa = PBXFileReference; lastKnownFileType = sourcecode.swift; path = WishTableViewCell.swift; sourceTree = "<group>"; };
		3083719125BB5F0E00AED70C /* WishTableViewCell.xib */ = {isa = PBXFileReference; lastKnownFileType = file.xib; path = WishTableViewCell.xib; sourceTree = "<group>"; };
		308E888F25BF40780034580E /* Launch Screen.storyboard */ = {isa = PBXFileReference; lastKnownFileType = file.storyboard; path = "Launch Screen.storyboard"; sourceTree = "<group>"; };
		3096F65125B9C86B002B3201 /* Wish.swift */ = {isa = PBXFileReference; lastKnownFileType = sourcecode.swift; path = Wish.swift; sourceTree = "<group>"; };
		3096F66025B9CF95002B3201 /* WishListService.swift */ = {isa = PBXFileReference; lastKnownFileType = sourcecode.swift; path = WishListService.swift; sourceTree = "<group>"; };
		3096F66825B9CFE2002B3201 /* WishCreateDTO.swift */ = {isa = PBXFileReference; lastKnownFileType = sourcecode.swift; path = WishCreateDTO.swift; sourceTree = "<group>"; };
		3096F67625B9D464002B3201 /* LocalWishListService.swift */ = {isa = PBXFileReference; lastKnownFileType = sourcecode.swift; path = LocalWishListService.swift; sourceTree = "<group>"; };
		3096F67C25B9D5CB002B3201 /* WishConverter.swift */ = {isa = PBXFileReference; lastKnownFileType = sourcecode.swift; path = WishConverter.swift; sourceTree = "<group>"; };
		3096F68425B9D60A002B3201 /* Converter.swift */ = {isa = PBXFileReference; lastKnownFileType = sourcecode.swift; path = Converter.swift; sourceTree = "<group>"; };
		CF90C8AF25BDB71B003190D3 /* WishListConverter.swift */ = {isa = PBXFileReference; lastKnownFileType = sourcecode.swift; path = WishListConverter.swift; sourceTree = "<group>"; };
		CF90C8C025BDB892003190D3 /* WishListTableViewCell.swift */ = {isa = PBXFileReference; lastKnownFileType = sourcecode.swift; path = WishListTableViewCell.swift; sourceTree = "<group>"; };
		CF90C8C125BDB892003190D3 /* WishListTableViewCell.xib */ = {isa = PBXFileReference; lastKnownFileType = file.xib; path = WishListTableViewCell.xib; sourceTree = "<group>"; };
		CFBA0F2C25A256C90022F959 /* WishApp.app */ = {isa = PBXFileReference; explicitFileType = wrapper.application; includeInIndex = 0; path = WishApp.app; sourceTree = BUILT_PRODUCTS_DIR; };
		CFBA0F2F25A256C90022F959 /* AppDelegate.swift */ = {isa = PBXFileReference; lastKnownFileType = sourcecode.swift; path = AppDelegate.swift; sourceTree = "<group>"; };
		CFBA0F3825A256CA0022F959 /* Assets.xcassets */ = {isa = PBXFileReference; lastKnownFileType = folder.assetcatalog; path = Assets.xcassets; sourceTree = "<group>"; };
		CFBA0F3D25A256CA0022F959 /* Info.plist */ = {isa = PBXFileReference; lastKnownFileType = text.plist.xml; path = Info.plist; sourceTree = "<group>"; };
		CFBA0F4225A256CA0022F959 /* WishAppTests.xctest */ = {isa = PBXFileReference; explicitFileType = wrapper.cfbundle; includeInIndex = 0; path = WishAppTests.xctest; sourceTree = BUILT_PRODUCTS_DIR; };
		CFBA0F4625A256CA0022F959 /* WishAppTests.swift */ = {isa = PBXFileReference; lastKnownFileType = sourcecode.swift; path = WishAppTests.swift; sourceTree = "<group>"; };
		CFBA0F4825A256CA0022F959 /* Info.plist */ = {isa = PBXFileReference; lastKnownFileType = text.plist.xml; path = Info.plist; sourceTree = "<group>"; };
		CFBA0F4D25A256CA0022F959 /* WishAppUITests.xctest */ = {isa = PBXFileReference; explicitFileType = wrapper.cfbundle; includeInIndex = 0; path = WishAppUITests.xctest; sourceTree = BUILT_PRODUCTS_DIR; };
		CFBA0F5125A256CA0022F959 /* WishAppUITests.swift */ = {isa = PBXFileReference; lastKnownFileType = sourcecode.swift; path = WishAppUITests.swift; sourceTree = "<group>"; };
		CFBA0F5325A256CA0022F959 /* Info.plist */ = {isa = PBXFileReference; lastKnownFileType = text.plist.xml; path = Info.plist; sourceTree = "<group>"; };
		CFBA0F6F25A258290022F959 /* HomeViewController.swift */ = {isa = PBXFileReference; lastKnownFileType = sourcecode.swift; path = HomeViewController.swift; sourceTree = "<group>"; };
		CFBA0F7025A258290022F959 /* HomeViewController.xib */ = {isa = PBXFileReference; lastKnownFileType = file.xib; path = HomeViewController.xib; sourceTree = "<group>"; };
		CFBA0F7A25A278C30022F959 /* ContactsUI.framework */ = {isa = PBXFileReference; lastKnownFileType = wrapper.framework; name = ContactsUI.framework; path = System/Library/Frameworks/ContactsUI.framework; sourceTree = SDKROOT; };
		CFBA0F8925AFA5180022F959 /* MessageUI.framework */ = {isa = PBXFileReference; lastKnownFileType = wrapper.framework; name = MessageUI.framework; path = System/Library/Frameworks/MessageUI.framework; sourceTree = SDKROOT; };
		CFEA71BC25BF6FCC00DE2969 /* WishListDetailViewController.swift */ = {isa = PBXFileReference; lastKnownFileType = sourcecode.swift; path = WishListDetailViewController.swift; sourceTree = "<group>"; };
		CFEA71BD25BF6FCC00DE2969 /* WishListDetailViewController.xib */ = {isa = PBXFileReference; lastKnownFileType = file.xib; path = WishListDetailViewController.xib; sourceTree = "<group>"; };
/* End PBXFileReference section */

/* Begin PBXFrameworksBuildPhase section */
		CFBA0F2925A256C90022F959 /* Frameworks */ = {
			isa = PBXFrameworksBuildPhase;
			buildActionMask = 2147483647;
			files = (
				CFBA0F8A25AFA5180022F959 /* MessageUI.framework in Frameworks */,
				CFBA0F7B25A278C30022F959 /* ContactsUI.framework in Frameworks */,
			);
			runOnlyForDeploymentPostprocessing = 0;
		};
		CFBA0F3F25A256CA0022F959 /* Frameworks */ = {
			isa = PBXFrameworksBuildPhase;
			buildActionMask = 2147483647;
			files = (
			);
			runOnlyForDeploymentPostprocessing = 0;
		};
		CFBA0F4A25A256CA0022F959 /* Frameworks */ = {
			isa = PBXFrameworksBuildPhase;
			buildActionMask = 2147483647;
			files = (
			);
			runOnlyForDeploymentPostprocessing = 0;
		};
/* End PBXFrameworksBuildPhase section */

/* Begin PBXGroup section */
		3096F65025B9C85A002B3201 /* Models */ = {
			isa = PBXGroup;
			children = (
				3096F65125B9C86B002B3201 /* Wish.swift */,
			);
			path = Models;
			sourceTree = "<group>";
		};
		3096F65C25B9CEE4002B3201 /* DTO */ = {
			isa = PBXGroup;
			children = (
				3096F65D25B9CF0C002B3201 /* Wishes */,
			);
			path = DTO;
			sourceTree = "<group>";
		};
		3096F65D25B9CF0C002B3201 /* Wishes */ = {
			isa = PBXGroup;
			children = (
				3096F66825B9CFE2002B3201 /* WishCreateDTO.swift */,
			);
			path = Wishes;
			sourceTree = "<group>";
		};
		3096F65E25B9CF2A002B3201 /* Domains */ = {
			isa = PBXGroup;
			children = (
				3096F67B25B9D591002B3201 /* Converters */,
				3096F65F25B9CF3B002B3201 /* Services */,
				3096F65C25B9CEE4002B3201 /* DTO */,
			);
			path = Domains;
			sourceTree = "<group>";
		};
		3096F65F25B9CF3B002B3201 /* Services */ = {
			isa = PBXGroup;
			children = (
				3096F67625B9D464002B3201 /* LocalWishListService.swift */,
				3096F66025B9CF95002B3201 /* WishListService.swift */,
			);
			path = Services;
			sourceTree = "<group>";
		};
		3096F66D25B9D078002B3201 /* Wishes */ = {
			isa = PBXGroup;
			children = (
				CF90C8B625BDB837003190D3 /* WishDetail */,
				CF90C8B525BDB7F6003190D3 /* listWish */,
			);
			path = Wishes;
			sourceTree = "<group>";
		};
		3096F67B25B9D591002B3201 /* Converters */ = {
			isa = PBXGroup;
			children = (
				3096F68425B9D60A002B3201 /* Converter.swift */,
				3096F67C25B9D5CB002B3201 /* WishConverter.swift */,
				CF90C8AF25BDB71B003190D3 /* WishListConverter.swift */,
				3076A3CB25C0C3AB0036ED6B /* GenerateId.swift */,
			);
			path = Converters;
			sourceTree = "<group>";
		};
		CF90C8B525BDB7F6003190D3 /* listWish */ = {
			isa = PBXGroup;
			children = (
				3083719025BB5F0E00AED70C /* WishTableViewCell.swift */,
				3083719125BB5F0E00AED70C /* WishTableViewCell.xib */,
				CFEA71BC25BF6FCC00DE2969 /* WishListDetailViewController.swift */,
				CFEA71BD25BF6FCC00DE2969 /* WishListDetailViewController.xib */,
			);
			path = listWish;
			sourceTree = "<group>";
		};
		CF90C8B625BDB837003190D3 /* WishDetail */ = {
			isa = PBXGroup;
			children = (
				3083717C25BB5B4500AED70C /* WishDetailViewController.swift */,
				3083717D25BB5B4500AED70C /* WishDetailViewController.xib */,
			);
			path = WishDetail;
			sourceTree = "<group>";
		};
		CF90C8B725BDB850003190D3 /* Home */ = {
			isa = PBXGroup;
			children = (
				CFBA0F6F25A258290022F959 /* HomeViewController.swift */,
				CFBA0F7025A258290022F959 /* HomeViewController.xib */,
				CF90C8C025BDB892003190D3 /* WishListTableViewCell.swift */,
				CF90C8C125BDB892003190D3 /* WishListTableViewCell.xib */,
			);
			path = Home;
			sourceTree = "<group>";
		};
		CFBA0F2325A256C90022F959 = {
			isa = PBXGroup;
			children = (
				CFBA0F2E25A256C90022F959 /* WishApp */,
				CFBA0F4525A256CA0022F959 /* WishAppTests */,
				CFBA0F5025A256CA0022F959 /* WishAppUITests */,
				CFBA0F2D25A256C90022F959 /* Products */,
				CFBA0F7925A278C30022F959 /* Frameworks */,
			);
			sourceTree = "<group>";
		};
		CFBA0F2D25A256C90022F959 /* Products */ = {
			isa = PBXGroup;
			children = (
				CFBA0F2C25A256C90022F959 /* WishApp.app */,
				CFBA0F4225A256CA0022F959 /* WishAppTests.xctest */,
				CFBA0F4D25A256CA0022F959 /* WishAppUITests.xctest */,
			);
			name = Products;
			sourceTree = "<group>";
		};
		CFBA0F2E25A256C90022F959 /* WishApp */ = {
			isa = PBXGroup;
			children = (
				3096F65E25B9CF2A002B3201 /* Domains */,
				3096F65025B9C85A002B3201 /* Models */,
				CFBA0F6E25A258140022F959 /* Scenes */,
				CFBA0F2F25A256C90022F959 /* AppDelegate.swift */,
				CFBA0F3825A256CA0022F959 /* Assets.xcassets */,
				308E888F25BF40780034580E /* Launch Screen.storyboard */,
				CFBA0F3D25A256CA0022F959 /* Info.plist */,
			);
			path = WishApp;
			sourceTree = "<group>";
		};
		CFBA0F4525A256CA0022F959 /* WishAppTests */ = {
			isa = PBXGroup;
			children = (
				CFBA0F4625A256CA0022F959 /* WishAppTests.swift */,
				CFBA0F4825A256CA0022F959 /* Info.plist */,
			);
			path = WishAppTests;
			sourceTree = "<group>";
		};
		CFBA0F5025A256CA0022F959 /* WishAppUITests */ = {
			isa = PBXGroup;
			children = (
				CFBA0F5125A256CA0022F959 /* WishAppUITests.swift */,
				CFBA0F5325A256CA0022F959 /* Info.plist */,
			);
			path = WishAppUITests;
			sourceTree = "<group>";
		};
		CFBA0F6E25A258140022F959 /* Scenes */ = {
			isa = PBXGroup;
			children = (
				CF90C8B725BDB850003190D3 /* Home */,
				3096F66D25B9D078002B3201 /* Wishes */,
			);
			path = Scenes;
			sourceTree = "<group>";
		};
		CFBA0F7925A278C30022F959 /* Frameworks */ = {
			isa = PBXGroup;
			children = (
				CFBA0F8925AFA5180022F959 /* MessageUI.framework */,
				CFBA0F7A25A278C30022F959 /* ContactsUI.framework */,
			);
			name = Frameworks;
			sourceTree = "<group>";
		};
/* End PBXGroup section */

/* Begin PBXNativeTarget section */
		CFBA0F2B25A256C90022F959 /* WishApp */ = {
			isa = PBXNativeTarget;
			buildConfigurationList = CFBA0F5625A256CA0022F959 /* Build configuration list for PBXNativeTarget "WishApp" */;
			buildPhases = (
				CFBA0F2825A256C90022F959 /* Sources */,
				CFBA0F2925A256C90022F959 /* Frameworks */,
				CFBA0F2A25A256C90022F959 /* Resources */,
			);
			buildRules = (
			);
			dependencies = (
			);
			name = WishApp;
			productName = WishApp;
			productReference = CFBA0F2C25A256C90022F959 /* WishApp.app */;
			productType = "com.apple.product-type.application";
		};
		CFBA0F4125A256CA0022F959 /* WishAppTests */ = {
			isa = PBXNativeTarget;
			buildConfigurationList = CFBA0F5925A256CA0022F959 /* Build configuration list for PBXNativeTarget "WishAppTests" */;
			buildPhases = (
				CFBA0F3E25A256CA0022F959 /* Sources */,
				CFBA0F3F25A256CA0022F959 /* Frameworks */,
				CFBA0F4025A256CA0022F959 /* Resources */,
			);
			buildRules = (
			);
			dependencies = (
				CFBA0F4425A256CA0022F959 /* PBXTargetDependency */,
			);
			name = WishAppTests;
			productName = WishAppTests;
			productReference = CFBA0F4225A256CA0022F959 /* WishAppTests.xctest */;
			productType = "com.apple.product-type.bundle.unit-test";
		};
		CFBA0F4C25A256CA0022F959 /* WishAppUITests */ = {
			isa = PBXNativeTarget;
			buildConfigurationList = CFBA0F5C25A256CA0022F959 /* Build configuration list for PBXNativeTarget "WishAppUITests" */;
			buildPhases = (
				CFBA0F4925A256CA0022F959 /* Sources */,
				CFBA0F4A25A256CA0022F959 /* Frameworks */,
				CFBA0F4B25A256CA0022F959 /* Resources */,
			);
			buildRules = (
			);
			dependencies = (
				CFBA0F4F25A256CA0022F959 /* PBXTargetDependency */,
			);
			name = WishAppUITests;
			productName = WishAppUITests;
			productReference = CFBA0F4D25A256CA0022F959 /* WishAppUITests.xctest */;
			productType = "com.apple.product-type.bundle.ui-testing";
		};
/* End PBXNativeTarget section */

/* Begin PBXProject section */
		CFBA0F2425A256C90022F959 /* Project object */ = {
			isa = PBXProject;
			attributes = {
				LastSwiftUpdateCheck = 1200;
				LastUpgradeCheck = 1200;
				TargetAttributes = {
					CFBA0F2B25A256C90022F959 = {
						CreatedOnToolsVersion = 12.0.1;
					};
					CFBA0F4125A256CA0022F959 = {
						CreatedOnToolsVersion = 12.0.1;
						TestTargetID = CFBA0F2B25A256C90022F959;
					};
					CFBA0F4C25A256CA0022F959 = {
						CreatedOnToolsVersion = 12.0.1;
						TestTargetID = CFBA0F2B25A256C90022F959;
					};
				};
			};
			buildConfigurationList = CFBA0F2725A256C90022F959 /* Build configuration list for PBXProject "WishApp" */;
			compatibilityVersion = "Xcode 9.3";
			developmentRegion = en;
			hasScannedForEncodings = 0;
			knownRegions = (
				en,
				Base,
			);
			mainGroup = CFBA0F2325A256C90022F959;
			productRefGroup = CFBA0F2D25A256C90022F959 /* Products */;
			projectDirPath = "";
			projectRoot = "";
			targets = (
				CFBA0F2B25A256C90022F959 /* WishApp */,
				CFBA0F4125A256CA0022F959 /* WishAppTests */,
				CFBA0F4C25A256CA0022F959 /* WishAppUITests */,
			);
		};
/* End PBXProject section */

/* Begin PBXResourcesBuildPhase section */
		CFBA0F2A25A256C90022F959 /* Resources */ = {
			isa = PBXResourcesBuildPhase;
			buildActionMask = 2147483647;
			files = (
				CFBA0F3925A256CA0022F959 /* Assets.xcassets in Resources */,
				CFEA71BF25BF6FCC00DE2969 /* WishListDetailViewController.xib in Resources */,
				CFBA0F7225A258290022F959 /* HomeViewController.xib in Resources */,
				CF90C8C325BDB892003190D3 /* WishListTableViewCell.xib in Resources */,
				3083717F25BB5B4500AED70C /* WishDetailViewController.xib in Resources */,
				3083719325BB5F0E00AED70C /* WishTableViewCell.xib in Resources */,
				308E889025BF40780034580E /* Launch Screen.storyboard in Resources */,
			);
			runOnlyForDeploymentPostprocessing = 0;
		};
		CFBA0F4025A256CA0022F959 /* Resources */ = {
			isa = PBXResourcesBuildPhase;
			buildActionMask = 2147483647;
			files = (
			);
			runOnlyForDeploymentPostprocessing = 0;
		};
		CFBA0F4B25A256CA0022F959 /* Resources */ = {
			isa = PBXResourcesBuildPhase;
			buildActionMask = 2147483647;
			files = (
			);
			runOnlyForDeploymentPostprocessing = 0;
		};
/* End PBXResourcesBuildPhase section */

/* Begin PBXSourcesBuildPhase section */
		CFBA0F2825A256C90022F959 /* Sources */ = {
			isa = PBXSourcesBuildPhase;
			buildActionMask = 2147483647;
			files = (
				3083719225BB5F0E00AED70C /* WishTableViewCell.swift in Sources */,
				3076A3CC25C0C3AB0036ED6B /* GenerateId.swift in Sources */,
				3096F66925B9CFE2002B3201 /* WishCreateDTO.swift in Sources */,
				CF90C8C225BDB892003190D3 /* WishListTableViewCell.swift in Sources */,
				3096F67D25B9D5CB002B3201 /* WishConverter.swift in Sources */,
				CFBA0F3025A256C90022F959 /* AppDelegate.swift in Sources */,
				3096F66125B9CF95002B3201 /* WishListService.swift in Sources */,
				3096F68525B9D60A002B3201 /* Converter.swift in Sources */,
				3096F65225B9C86B002B3201 /* Wish.swift in Sources */,
				3096F67725B9D464002B3201 /* LocalWishListService.swift in Sources */,
				CFBA0F7125A258290022F959 /* HomeViewController.swift in Sources */,
				3083717E25BB5B4500AED70C /* WishDetailViewController.swift in Sources */,
				CF90C8B025BDB71B003190D3 /* WishListConverter.swift in Sources */,
				CFEA71BE25BF6FCC00DE2969 /* WishListDetailViewController.swift in Sources */,
			);
			runOnlyForDeploymentPostprocessing = 0;
		};
		CFBA0F3E25A256CA0022F959 /* Sources */ = {
			isa = PBXSourcesBuildPhase;
			buildActionMask = 2147483647;
			files = (
				CFBA0F4725A256CA0022F959 /* WishAppTests.swift in Sources */,
			);
			runOnlyForDeploymentPostprocessing = 0;
		};
		CFBA0F4925A256CA0022F959 /* Sources */ = {
			isa = PBXSourcesBuildPhase;
			buildActionMask = 2147483647;
			files = (
				CFBA0F5225A256CA0022F959 /* WishAppUITests.swift in Sources */,
			);
			runOnlyForDeploymentPostprocessing = 0;
		};
/* End PBXSourcesBuildPhase section */

/* Begin PBXTargetDependency section */
		CFBA0F4425A256CA0022F959 /* PBXTargetDependency */ = {
			isa = PBXTargetDependency;
			target = CFBA0F2B25A256C90022F959 /* WishApp */;
			targetProxy = CFBA0F4325A256CA0022F959 /* PBXContainerItemProxy */;
		};
		CFBA0F4F25A256CA0022F959 /* PBXTargetDependency */ = {
			isa = PBXTargetDependency;
			target = CFBA0F2B25A256C90022F959 /* WishApp */;
			targetProxy = CFBA0F4E25A256CA0022F959 /* PBXContainerItemProxy */;
		};
/* End PBXTargetDependency section */

/* Begin XCBuildConfiguration section */
		CFBA0F5425A256CA0022F959 /* Debug */ = {
			isa = XCBuildConfiguration;
			buildSettings = {
				ALWAYS_SEARCH_USER_PATHS = NO;
				CLANG_ANALYZER_NONNULL = YES;
				CLANG_ANALYZER_NUMBER_OBJECT_CONVERSION = YES_AGGRESSIVE;
				CLANG_CXX_LANGUAGE_STANDARD = "gnu++14";
				CLANG_CXX_LIBRARY = "libc++";
				CLANG_ENABLE_MODULES = YES;
				CLANG_ENABLE_OBJC_ARC = YES;
				CLANG_ENABLE_OBJC_WEAK = YES;
				CLANG_WARN_BLOCK_CAPTURE_AUTORELEASING = YES;
				CLANG_WARN_BOOL_CONVERSION = YES;
				CLANG_WARN_COMMA = YES;
				CLANG_WARN_CONSTANT_CONVERSION = YES;
				CLANG_WARN_DEPRECATED_OBJC_IMPLEMENTATIONS = YES;
				CLANG_WARN_DIRECT_OBJC_ISA_USAGE = YES_ERROR;
				CLANG_WARN_DOCUMENTATION_COMMENTS = YES;
				CLANG_WARN_EMPTY_BODY = YES;
				CLANG_WARN_ENUM_CONVERSION = YES;
				CLANG_WARN_INFINITE_RECURSION = YES;
				CLANG_WARN_INT_CONVERSION = YES;
				CLANG_WARN_NON_LITERAL_NULL_CONVERSION = YES;
				CLANG_WARN_OBJC_IMPLICIT_RETAIN_SELF = YES;
				CLANG_WARN_OBJC_LITERAL_CONVERSION = YES;
				CLANG_WARN_OBJC_ROOT_CLASS = YES_ERROR;
				CLANG_WARN_QUOTED_INCLUDE_IN_FRAMEWORK_HEADER = YES;
				CLANG_WARN_RANGE_LOOP_ANALYSIS = YES;
				CLANG_WARN_STRICT_PROTOTYPES = YES;
				CLANG_WARN_SUSPICIOUS_MOVE = YES;
				CLANG_WARN_UNGUARDED_AVAILABILITY = YES_AGGRESSIVE;
				CLANG_WARN_UNREACHABLE_CODE = YES;
				CLANG_WARN__DUPLICATE_METHOD_MATCH = YES;
				COPY_PHASE_STRIP = NO;
				DEBUG_INFORMATION_FORMAT = dwarf;
				ENABLE_STRICT_OBJC_MSGSEND = YES;
				ENABLE_TESTABILITY = YES;
				GCC_C_LANGUAGE_STANDARD = gnu11;
				GCC_DYNAMIC_NO_PIC = NO;
				GCC_NO_COMMON_BLOCKS = YES;
				GCC_OPTIMIZATION_LEVEL = 0;
				GCC_PREPROCESSOR_DEFINITIONS = (
					"DEBUG=1",
					"$(inherited)",
				);
				GCC_WARN_64_TO_32_BIT_CONVERSION = YES;
				GCC_WARN_ABOUT_RETURN_TYPE = YES_ERROR;
				GCC_WARN_UNDECLARED_SELECTOR = YES;
				GCC_WARN_UNINITIALIZED_AUTOS = YES_AGGRESSIVE;
				GCC_WARN_UNUSED_FUNCTION = YES;
				GCC_WARN_UNUSED_VARIABLE = YES;
				IPHONEOS_DEPLOYMENT_TARGET = 14.0;
				MTL_ENABLE_DEBUG_INFO = INCLUDE_SOURCE;
				MTL_FAST_MATH = YES;
				ONLY_ACTIVE_ARCH = YES;
				SDKROOT = iphoneos;
				SWIFT_ACTIVE_COMPILATION_CONDITIONS = DEBUG;
				SWIFT_OPTIMIZATION_LEVEL = "-Onone";
			};
			name = Debug;
		};
		CFBA0F5525A256CA0022F959 /* Release */ = {
			isa = XCBuildConfiguration;
			buildSettings = {
				ALWAYS_SEARCH_USER_PATHS = NO;
				CLANG_ANALYZER_NONNULL = YES;
				CLANG_ANALYZER_NUMBER_OBJECT_CONVERSION = YES_AGGRESSIVE;
				CLANG_CXX_LANGUAGE_STANDARD = "gnu++14";
				CLANG_CXX_LIBRARY = "libc++";
				CLANG_ENABLE_MODULES = YES;
				CLANG_ENABLE_OBJC_ARC = YES;
				CLANG_ENABLE_OBJC_WEAK = YES;
				CLANG_WARN_BLOCK_CAPTURE_AUTORELEASING = YES;
				CLANG_WARN_BOOL_CONVERSION = YES;
				CLANG_WARN_COMMA = YES;
				CLANG_WARN_CONSTANT_CONVERSION = YES;
				CLANG_WARN_DEPRECATED_OBJC_IMPLEMENTATIONS = YES;
				CLANG_WARN_DIRECT_OBJC_ISA_USAGE = YES_ERROR;
				CLANG_WARN_DOCUMENTATION_COMMENTS = YES;
				CLANG_WARN_EMPTY_BODY = YES;
				CLANG_WARN_ENUM_CONVERSION = YES;
				CLANG_WARN_INFINITE_RECURSION = YES;
				CLANG_WARN_INT_CONVERSION = YES;
				CLANG_WARN_NON_LITERAL_NULL_CONVERSION = YES;
				CLANG_WARN_OBJC_IMPLICIT_RETAIN_SELF = YES;
				CLANG_WARN_OBJC_LITERAL_CONVERSION = YES;
				CLANG_WARN_OBJC_ROOT_CLASS = YES_ERROR;
				CLANG_WARN_QUOTED_INCLUDE_IN_FRAMEWORK_HEADER = YES;
				CLANG_WARN_RANGE_LOOP_ANALYSIS = YES;
				CLANG_WARN_STRICT_PROTOTYPES = YES;
				CLANG_WARN_SUSPICIOUS_MOVE = YES;
				CLANG_WARN_UNGUARDED_AVAILABILITY = YES_AGGRESSIVE;
				CLANG_WARN_UNREACHABLE_CODE = YES;
				CLANG_WARN__DUPLICATE_METHOD_MATCH = YES;
				COPY_PHASE_STRIP = NO;
				DEBUG_INFORMATION_FORMAT = "dwarf-with-dsym";
				ENABLE_NS_ASSERTIONS = NO;
				ENABLE_STRICT_OBJC_MSGSEND = YES;
				GCC_C_LANGUAGE_STANDARD = gnu11;
				GCC_NO_COMMON_BLOCKS = YES;
				GCC_WARN_64_TO_32_BIT_CONVERSION = YES;
				GCC_WARN_ABOUT_RETURN_TYPE = YES_ERROR;
				GCC_WARN_UNDECLARED_SELECTOR = YES;
				GCC_WARN_UNINITIALIZED_AUTOS = YES_AGGRESSIVE;
				GCC_WARN_UNUSED_FUNCTION = YES;
				GCC_WARN_UNUSED_VARIABLE = YES;
				IPHONEOS_DEPLOYMENT_TARGET = 14.0;
				MTL_ENABLE_DEBUG_INFO = NO;
				MTL_FAST_MATH = YES;
				SDKROOT = iphoneos;
				SWIFT_COMPILATION_MODE = wholemodule;
				SWIFT_OPTIMIZATION_LEVEL = "-O";
				VALIDATE_PRODUCT = YES;
			};
			name = Release;
		};
		CFBA0F5725A256CA0022F959 /* Debug */ = {
			isa = XCBuildConfiguration;
			buildSettings = {
				ASSETCATALOG_COMPILER_APPICON_NAME = AppIcon;
				ASSETCATALOG_COMPILER_GLOBAL_ACCENT_COLOR_NAME = AccentColor;
				CODE_SIGN_STYLE = Automatic;
				DEVELOPMENT_TEAM = M8F4J8A9BB;
				INFOPLIST_FILE = WishApp/Info.plist;
				IPHONEOS_DEPLOYMENT_TARGET = 13.6;
				LD_RUNPATH_SEARCH_PATHS = (
					"$(inherited)",
					"@executable_path/Frameworks",
				);
				PRODUCT_BUNDLE_IDENTIFIER = WishApp.WishApp;
				PRODUCT_NAME = "$(TARGET_NAME)";
				SWIFT_VERSION = 5.0;
				TARGETED_DEVICE_FAMILY = "1,2";
			};
			name = Debug;
		};
		CFBA0F5825A256CA0022F959 /* Release */ = {
			isa = XCBuildConfiguration;
			buildSettings = {
				ASSETCATALOG_COMPILER_APPICON_NAME = AppIcon;
				ASSETCATALOG_COMPILER_GLOBAL_ACCENT_COLOR_NAME = AccentColor;
				CODE_SIGN_STYLE = Automatic;
				DEVELOPMENT_TEAM = M8F4J8A9BB;
				INFOPLIST_FILE = WishApp/Info.plist;
				IPHONEOS_DEPLOYMENT_TARGET = 13.6;
				LD_RUNPATH_SEARCH_PATHS = (
					"$(inherited)",
					"@executable_path/Frameworks",
				);
				PRODUCT_BUNDLE_IDENTIFIER = WishApp.WishApp;
				PRODUCT_NAME = "$(TARGET_NAME)";
				SWIFT_VERSION = 5.0;
				TARGETED_DEVICE_FAMILY = "1,2";
			};
			name = Release;
		};
		CFBA0F5A25A256CA0022F959 /* Debug */ = {
			isa = XCBuildConfiguration;
			buildSettings = {
				ALWAYS_EMBED_SWIFT_STANDARD_LIBRARIES = YES;
				BUNDLE_LOADER = "$(TEST_HOST)";
				CODE_SIGN_STYLE = Automatic;
				INFOPLIST_FILE = WishAppTests/Info.plist;
				IPHONEOS_DEPLOYMENT_TARGET = 14.0;
				LD_RUNPATH_SEARCH_PATHS = (
					"$(inherited)",
					"@executable_path/Frameworks",
					"@loader_path/Frameworks",
				);
				PRODUCT_BUNDLE_IDENTIFIER = WishApp.WishAppTests;
				PRODUCT_NAME = "$(TARGET_NAME)";
				SWIFT_VERSION = 5.0;
				TARGETED_DEVICE_FAMILY = "1,2";
				TEST_HOST = "$(BUILT_PRODUCTS_DIR)/WishApp.app/WishApp";
			};
			name = Debug;
		};
		CFBA0F5B25A256CA0022F959 /* Release */ = {
			isa = XCBuildConfiguration;
			buildSettings = {
				ALWAYS_EMBED_SWIFT_STANDARD_LIBRARIES = YES;
				BUNDLE_LOADER = "$(TEST_HOST)";
				CODE_SIGN_STYLE = Automatic;
				INFOPLIST_FILE = WishAppTests/Info.plist;
				IPHONEOS_DEPLOYMENT_TARGET = 14.0;
				LD_RUNPATH_SEARCH_PATHS = (
					"$(inherited)",
					"@executable_path/Frameworks",
					"@loader_path/Frameworks",
				);
				PRODUCT_BUNDLE_IDENTIFIER = WishApp.WishAppTests;
				PRODUCT_NAME = "$(TARGET_NAME)";
				SWIFT_VERSION = 5.0;
				TARGETED_DEVICE_FAMILY = "1,2";
				TEST_HOST = "$(BUILT_PRODUCTS_DIR)/WishApp.app/WishApp";
			};
			name = Release;
		};
		CFBA0F5D25A256CA0022F959 /* Debug */ = {
			isa = XCBuildConfiguration;
			buildSettings = {
				ALWAYS_EMBED_SWIFT_STANDARD_LIBRARIES = YES;
				CODE_SIGN_STYLE = Automatic;
				INFOPLIST_FILE = WishAppUITests/Info.plist;
				LD_RUNPATH_SEARCH_PATHS = (
					"$(inherited)",
					"@executable_path/Frameworks",
					"@loader_path/Frameworks",
				);
				PRODUCT_BUNDLE_IDENTIFIER = WishApp.WishAppUITests;
				PRODUCT_NAME = "$(TARGET_NAME)";
				SWIFT_VERSION = 5.0;
				TARGETED_DEVICE_FAMILY = "1,2";
				TEST_TARGET_NAME = WishApp;
			};
			name = Debug;
		};
		CFBA0F5E25A256CA0022F959 /* Release */ = {
			isa = XCBuildConfiguration;
			buildSettings = {
				ALWAYS_EMBED_SWIFT_STANDARD_LIBRARIES = YES;
				CODE_SIGN_STYLE = Automatic;
				INFOPLIST_FILE = WishAppUITests/Info.plist;
				LD_RUNPATH_SEARCH_PATHS = (
					"$(inherited)",
					"@executable_path/Frameworks",
					"@loader_path/Frameworks",
				);
				PRODUCT_BUNDLE_IDENTIFIER = WishApp.WishAppUITests;
				PRODUCT_NAME = "$(TARGET_NAME)";
				SWIFT_VERSION = 5.0;
				TARGETED_DEVICE_FAMILY = "1,2";
				TEST_TARGET_NAME = WishApp;
			};
			name = Release;
		};
/* End XCBuildConfiguration section */

/* Begin XCConfigurationList section */
		CFBA0F2725A256C90022F959 /* Build configuration list for PBXProject "WishApp" */ = {
			isa = XCConfigurationList;
			buildConfigurations = (
				CFBA0F5425A256CA0022F959 /* Debug */,
				CFBA0F5525A256CA0022F959 /* Release */,
			);
			defaultConfigurationIsVisible = 0;
			defaultConfigurationName = Release;
		};
		CFBA0F5625A256CA0022F959 /* Build configuration list for PBXNativeTarget "WishApp" */ = {
			isa = XCConfigurationList;
			buildConfigurations = (
				CFBA0F5725A256CA0022F959 /* Debug */,
				CFBA0F5825A256CA0022F959 /* Release */,
			);
			defaultConfigurationIsVisible = 0;
			defaultConfigurationName = Release;
		};
		CFBA0F5925A256CA0022F959 /* Build configuration list for PBXNativeTarget "WishAppTests" */ = {
			isa = XCConfigurationList;
			buildConfigurations = (
				CFBA0F5A25A256CA0022F959 /* Debug */,
				CFBA0F5B25A256CA0022F959 /* Release */,
			);
			defaultConfigurationIsVisible = 0;
			defaultConfigurationName = Release;
		};
		CFBA0F5C25A256CA0022F959 /* Build configuration list for PBXNativeTarget "WishAppUITests" */ = {
			isa = XCConfigurationList;
			buildConfigurations = (
				CFBA0F5D25A256CA0022F959 /* Debug */,
				CFBA0F5E25A256CA0022F959 /* Release */,
			);
			defaultConfigurationIsVisible = 0;
			defaultConfigurationName = Release;
		};
/* End XCConfigurationList section */
	};
	rootObject = CFBA0F2425A256C90022F959 /* Project object */;
}
